PATH
  remote: ../
  specs:
    temple (0.7.6)

GEM
  remote: https://rubygems.org/
  specs:
    bacon (1.2.0)
    erubis (2.7.0)
    escape_utils (1.2.0)
    rake (10.5.0)
    tilt (2.0.2)

PLATFORMS
  ruby

DEPENDENCIES
  bacon
  erubis
  escape_utils
  rake
  temple!
  tilt

BUNDLED WITH
   1.11.2
